version = 1
revision = 1
requires-python = ">=3.13"

[[package]]
name = "aiofiles"
version = "24.1.0"
source = { registry = "https://pypi.org/simple" }
sdist = { url = "https://files.pythonhosted.org/packages/0b/03/a88171e277e8caa88a4c77808c20ebb04ba74cc4681bf1e9416c862de237/aiofiles-24.1.0.tar.gz", hash = "sha256:22a075c9e5a3810f0c2e48f3008c94d68c65d763b9b03857924c99e57355166c", size = 30247 }
wheels = [
    { url = "https://files.pythonhosted.org/packages/a5/45/30bb92d442636f570cb5651bc661f52b610e2eec3f891a5dc3a4c3667db0/aiofiles-24.1.0-py3-none-any.whl", hash = "sha256:b4ec55f4195e3eb5d7abd1bf7e061763e864dd4954231fb8539a0ef8bb8260e5", size = 15896 },
]

[[package]]
name = "html5tagger"
version = "1.3.0"
source = { registry = "https://pypi.org/simple" }
sdist = { url = "https://files.pythonhosted.org/packages/9e/02/2ae5f46d517a2c1d4a17f2b1e4834c2c7cc0fb3a69c92389172fa16ab389/html5tagger-1.3.0.tar.gz", hash = "sha256:84fa3dfb49e5c83b79bbd856ab7b1de8e2311c3bb46a8be925f119e3880a8da9", size = 14196 }
wheels = [
    { url = "https://files.pythonhosted.org/packages/9b/12/2f5d43ee912ea14a6baba4b3db6d309b02d932e3b7074c3339b4aded98ff/html5tagger-1.3.0-py3-none-any.whl", hash = "sha256:ce14313515edffec8ed8a36c5890d023922641171b4e6e5774ad1a74998f5351", size = 10956 },
]

[[package]]
name = "httptools"
version = "0.6.4"
source = { registry = "https://pypi.org/simple" }
sdist = { url = "https://files.pythonhosted.org/packages/a7/9a/ce5e1f7e131522e6d3426e8e7a490b3a01f39a6696602e1c4f33f9e94277/httptools-0.6.4.tar.gz", hash = "sha256:4e93eee4add6493b59a5c514da98c939b244fce4a0d8879cd3f466562f4b7d5c", size = 240639 }
wheels = [
    { url = "https://files.pythonhosted.org/packages/94/a3/9fe9ad23fd35f7de6b91eeb60848986058bd8b5a5c1e256f5860a160cc3e/httptools-0.6.4-cp313-cp313-macosx_10_13_universal2.whl", hash = "sha256:ade273d7e767d5fae13fa637f4d53b6e961fb7fd93c7797562663f0171c26660", size = 197214 },
    { url = "https://files.pythonhosted.org/packages/ea/d9/82d5e68bab783b632023f2fa31db20bebb4e89dfc4d2293945fd68484ee4/httptools-0.6.4-cp313-cp313-macosx_11_0_arm64.whl", hash = "sha256:856f4bc0478ae143bad54a4242fccb1f3f86a6e1be5548fecfd4102061b3a083", size = 102431 },
    { url = "https://files.pythonhosted.org/packages/96/c1/cb499655cbdbfb57b577734fde02f6fa0bbc3fe9fb4d87b742b512908dff/httptools-0.6.4-cp313-cp313-manylinux_2_17_aarch64.manylinux2014_aarch64.whl", hash = "sha256:322d20ea9cdd1fa98bd6a74b77e2ec5b818abdc3d36695ab402a0de8ef2865a3", size = 473121 },
    { url = "https://files.pythonhosted.org/packages/af/71/ee32fd358f8a3bb199b03261f10921716990808a675d8160b5383487a317/httptools-0.6.4-cp313-cp313-manylinux_2_5_x86_64.manylinux1_x86_64.manylinux_2_17_x86_64.manylinux2014_x86_64.whl", hash = "sha256:4d87b29bd4486c0093fc64dea80231f7c7f7eb4dc70ae394d70a495ab8436071", size = 473805 },
    { url = "https://files.pythonhosted.org/packages/8a/0a/0d4df132bfca1507114198b766f1737d57580c9ad1cf93c1ff673e3387be/httptools-0.6.4-cp313-cp313-musllinux_1_2_aarch64.whl", hash = "sha256:342dd6946aa6bda4b8f18c734576106b8a31f2fe31492881a9a160ec84ff4bd5", size = 448858 },
    { url = "https://files.pythonhosted.org/packages/1e/6a/787004fdef2cabea27bad1073bf6a33f2437b4dbd3b6fb4a9d71172b1c7c/httptools-0.6.4-cp313-cp313-musllinux_1_2_x86_64.whl", hash = "sha256:4b36913ba52008249223042dca46e69967985fb4051951f94357ea681e1f5dc0", size = 452042 },
    { url = "https://files.pythonhosted.org/packages/4d/dc/7decab5c404d1d2cdc1bb330b1bf70e83d6af0396fd4fc76fc60c0d522bf/httptools-0.6.4-cp313-cp313-win_amd64.whl", hash = "sha256:28908df1b9bb8187393d5b5db91435ccc9c8e891657f9cbb42a2541b44c82fc8", size = 87682 },
]

[[package]]
name = "jinja2"
version = "3.1.6"
source = { registry = "https://pypi.org/simple" }
dependencies = [
    { name = "markupsafe" },
]
sdist = { url = "https://files.pythonhosted.org/packages/df/bf/f7da0350254c0ed7c72f3e33cef02e048281fec7ecec5f032d4aac52226b/jinja2-3.1.6.tar.gz", hash = "sha256:0137fb05990d35f1275a587e9aee6d56da821fc83491a0fb838183be43f66d6d", size = 245115 }
wheels = [
    { url = "https://files.pythonhosted.org/packages/62/a1/3d680cbfd5f4b8f15abc1d571870c5fc3e594bb582bc3b64ea099db13e56/jinja2-3.1.6-py3-none-any.whl", hash = "sha256:85ece4451f492d0c13c5dd7c13a64681a86afae63a5f347908daf103ce6d2f67", size = 134899 },
]

[[package]]
name = "markupsafe"
version = "3.0.2"
source = { registry = "https://pypi.org/simple" }
sdist = { url = "https://files.pythonhosted.org/packages/b2/97/5d42485e71dfc078108a86d6de8fa46db44a1a9295e89c5d6d4a06e23a62/markupsafe-3.0.2.tar.gz", hash = "sha256:ee55d3edf80167e48ea11a923c7386f4669df67d7994554387f84e7d8b0a2bf0", size = 20537 }
wheels = [
    { url = "https://files.pythonhosted.org/packages/83/0e/67eb10a7ecc77a0c2bbe2b0235765b98d164d81600746914bebada795e97/MarkupSafe-3.0.2-cp313-cp313-macosx_10_13_universal2.whl", hash = "sha256:ba9527cdd4c926ed0760bc301f6728ef34d841f405abf9d4f959c478421e4efd", size = 14274 },
    { url = "https://files.pythonhosted.org/packages/2b/6d/9409f3684d3335375d04e5f05744dfe7e9f120062c9857df4ab490a1031a/MarkupSafe-3.0.2-cp313-cp313-macosx_11_0_arm64.whl", hash = "sha256:f8b3d067f2e40fe93e1ccdd6b2e1d16c43140e76f02fb1319a05cf2b79d99430", size = 12352 },
    { url = "https://files.pythonhosted.org/packages/d2/f5/6eadfcd3885ea85fe2a7c128315cc1bb7241e1987443d78c8fe712d03091/MarkupSafe-3.0.2-cp313-cp313-manylinux_2_17_aarch64.manylinux2014_aarch64.whl", hash = "sha256:569511d3b58c8791ab4c2e1285575265991e6d8f8700c7be0e88f86cb0672094", size = 24122 },
    { url = "https://files.pythonhosted.org/packages/0c/91/96cf928db8236f1bfab6ce15ad070dfdd02ed88261c2afafd4b43575e9e9/MarkupSafe-3.0.2-cp313-cp313-manylinux_2_17_x86_64.manylinux2014_x86_64.whl", hash = "sha256:15ab75ef81add55874e7ab7055e9c397312385bd9ced94920f2802310c930396", size = 23085 },
    { url = "https://files.pythonhosted.org/packages/c2/cf/c9d56af24d56ea04daae7ac0940232d31d5a8354f2b457c6d856b2057d69/MarkupSafe-3.0.2-cp313-cp313-manylinux_2_5_i686.manylinux1_i686.manylinux_2_17_i686.manylinux2014_i686.whl", hash = "sha256:f3818cb119498c0678015754eba762e0d61e5b52d34c8b13d770f0719f7b1d79", size = 22978 },
    { url = "https://files.pythonhosted.org/packages/2a/9f/8619835cd6a711d6272d62abb78c033bda638fdc54c4e7f4272cf1c0962b/MarkupSafe-3.0.2-cp313-cp313-musllinux_1_2_aarch64.whl", hash = "sha256:cdb82a876c47801bb54a690c5ae105a46b392ac6099881cdfb9f6e95e4014c6a", size = 24208 },
    { url = "https://files.pythonhosted.org/packages/f9/bf/176950a1792b2cd2102b8ffeb5133e1ed984547b75db47c25a67d3359f77/MarkupSafe-3.0.2-cp313-cp313-musllinux_1_2_i686.whl", hash = "sha256:cabc348d87e913db6ab4aa100f01b08f481097838bdddf7c7a84b7575b7309ca", size = 23357 },
    { url = "https://files.pythonhosted.org/packages/ce/4f/9a02c1d335caabe5c4efb90e1b6e8ee944aa245c1aaaab8e8a618987d816/MarkupSafe-3.0.2-cp313-cp313-musllinux_1_2_x86_64.whl", hash = "sha256:444dcda765c8a838eaae23112db52f1efaf750daddb2d9ca300bcae1039adc5c", size = 23344 },
    { url = "https://files.pythonhosted.org/packages/ee/55/c271b57db36f748f0e04a759ace9f8f759ccf22b4960c270c78a394f58be/MarkupSafe-3.0.2-cp313-cp313-win32.whl", hash = "sha256:bcf3e58998965654fdaff38e58584d8937aa3096ab5354d493c77d1fdd66d7a1", size = 15101 },
    { url = "https://files.pythonhosted.org/packages/29/88/07df22d2dd4df40aba9f3e402e6dc1b8ee86297dddbad4872bd5e7b0094f/MarkupSafe-3.0.2-cp313-cp313-win_amd64.whl", hash = "sha256:e6a2a455bd412959b57a172ce6328d2dd1f01cb2135efda2e4576e8a23fa3b0f", size = 15603 },
    { url = "https://files.pythonhosted.org/packages/62/6a/8b89d24db2d32d433dffcd6a8779159da109842434f1dd2f6e71f32f738c/MarkupSafe-3.0.2-cp313-cp313t-macosx_10_13_universal2.whl", hash = "sha256:b5a6b3ada725cea8a5e634536b1b01c30bcdcd7f9c6fff4151548d5bf6b3a36c", size = 14510 },
    { url = "https://files.pythonhosted.org/packages/7a/06/a10f955f70a2e5a9bf78d11a161029d278eeacbd35ef806c3fd17b13060d/MarkupSafe-3.0.2-cp313-cp313t-macosx_11_0_arm64.whl", hash = "sha256:a904af0a6162c73e3edcb969eeeb53a63ceeb5d8cf642fade7d39e7963a22ddb", size = 12486 },
    { url = "https://files.pythonhosted.org/packages/34/cf/65d4a571869a1a9078198ca28f39fba5fbb910f952f9dbc5220afff9f5e6/MarkupSafe-3.0.2-cp313-cp313t-manylinux_2_17_aarch64.manylinux2014_aarch64.whl", hash = "sha256:4aa4e5faecf353ed117801a068ebab7b7e09ffb6e1d5e412dc852e0da018126c", size = 25480 },
    { url = "https://files.pythonhosted.org/packages/0c/e3/90e9651924c430b885468b56b3d597cabf6d72be4b24a0acd1fa0e12af67/MarkupSafe-3.0.2-cp313-cp313t-manylinux_2_17_x86_64.manylinux2014_x86_64.whl", hash = "sha256:c0ef13eaeee5b615fb07c9a7dadb38eac06a0608b41570d8ade51c56539e509d", size = 23914 },
    { url = "https://files.pythonhosted.org/packages/66/8c/6c7cf61f95d63bb866db39085150df1f2a5bd3335298f14a66b48e92659c/MarkupSafe-3.0.2-cp313-cp313t-manylinux_2_5_i686.manylinux1_i686.manylinux_2_17_i686.manylinux2014_i686.whl", hash = "sha256:d16a81a06776313e817c951135cf7340a3e91e8c1ff2fac444cfd75fffa04afe", size = 23796 },
    { url = "https://files.pythonhosted.org/packages/bb/35/cbe9238ec3f47ac9a7c8b3df7a808e7cb50fe149dc7039f5f454b3fba218/MarkupSafe-3.0.2-cp313-cp313t-musllinux_1_2_aarch64.whl", hash = "sha256:6381026f158fdb7c72a168278597a5e3a5222e83ea18f543112b2662a9b699c5", size = 25473 },
    { url = "https://files.pythonhosted.org/packages/e6/32/7621a4382488aa283cc05e8984a9c219abad3bca087be9ec77e89939ded9/MarkupSafe-3.0.2-cp313-cp313t-musllinux_1_2_i686.whl", hash = "sha256:3d79d162e7be8f996986c064d1c7c817f6df3a77fe3d6859f6f9e7be4b8c213a", size = 24114 },
    { url = "https://files.pythonhosted.org/packages/0d/80/0985960e4b89922cb5a0bac0ed39c5b96cbc1a536a99f30e8c220a996ed9/MarkupSafe-3.0.2-cp313-cp313t-musllinux_1_2_x86_64.whl", hash = "sha256:131a3c7689c85f5ad20f9f6fb1b866f402c445b220c19fe4308c0b147ccd2ad9", size = 24098 },
    { url = "https://files.pythonhosted.org/packages/82/78/fedb03c7d5380df2427038ec8d973587e90561b2d90cd472ce9254cf348b/MarkupSafe-3.0.2-cp313-cp313t-win32.whl", hash = "sha256:ba8062ed2cf21c07a9e295d5b8a2a5ce678b913b45fdf68c32d95d6c1291e0b6", size = 15208 },
    { url = "https://files.pythonhosted.org/packages/4f/65/6079a46068dfceaeabb5dcad6d674f5f5c61a6fa5673746f42a9f4c233b3/MarkupSafe-3.0.2-cp313-cp313t-win_amd64.whl", hash = "sha256:e444a31f8db13eb18ada366ab3cf45fd4b31e4db1236a4448f68778c1d1a5a2f", size = 15739 },
]

[[package]]
name = "multidict"
version = "6.4.3"
source = { registry = "https://pypi.org/simple" }
sdist = { url = "https://files.pythonhosted.org/packages/da/2c/e367dfb4c6538614a0c9453e510d75d66099edf1c4e69da1b5ce691a1931/multidict-6.4.3.tar.gz", hash = "sha256:3ada0b058c9f213c5f95ba301f922d402ac234f1111a7d8fd70f1b99f3c281ec", size = 89372 }
wheels = [
    { url = "https://files.pythonhosted.org/packages/6c/4b/86fd786d03915c6f49998cf10cd5fe6b6ac9e9a071cb40885d2e080fb90d/multidict-6.4.3-cp313-cp313-macosx_10_13_universal2.whl", hash = "sha256:7a76534263d03ae0cfa721fea40fd2b5b9d17a6f85e98025931d41dc49504474", size = 63831 },
    { url = "https://files.pythonhosted.org/packages/45/05/9b51fdf7aef2563340a93be0a663acba2c428c4daeaf3960d92d53a4a930/multidict-6.4.3-cp313-cp313-macosx_10_13_x86_64.whl", hash = "sha256:805031c2f599eee62ac579843555ed1ce389ae00c7e9f74c2a1b45e0564a88dd", size = 37888 },
    { url = "https://files.pythonhosted.org/packages/0b/43/53fc25394386c911822419b522181227ca450cf57fea76e6188772a1bd91/multidict-6.4.3-cp313-cp313-macosx_11_0_arm64.whl", hash = "sha256:c56c179839d5dcf51d565132185409d1d5dd8e614ba501eb79023a6cab25576b", size = 36852 },
    { url = "https://files.pythonhosted.org/packages/8a/68/7b99c751e822467c94a235b810a2fd4047d4ecb91caef6b5c60116991c4b/multidict-6.4.3-cp313-cp313-manylinux_2_17_aarch64.manylinux2014_aarch64.whl", hash = "sha256:9c64f4ddb3886dd8ab71b68a7431ad4aa01a8fa5be5b11543b29674f29ca0ba3", size = 223644 },
    { url = "https://files.pythonhosted.org/packages/80/1b/d458d791e4dd0f7e92596667784fbf99e5c8ba040affe1ca04f06b93ae92/multidict-6.4.3-cp313-cp313-manylinux_2_17_armv7l.manylinux2014_armv7l.manylinux_2_31_armv7l.whl", hash = "sha256:3002a856367c0b41cad6784f5b8d3ab008eda194ed7864aaa58f65312e2abcac", size = 230446 },
    { url = "https://files.pythonhosted.org/packages/e2/46/9793378d988905491a7806d8987862dc5a0bae8a622dd896c4008c7b226b/multidict-6.4.3-cp313-cp313-manylinux_2_17_ppc64le.manylinux2014_ppc64le.whl", hash = "sha256:3d75e621e7d887d539d6e1d789f0c64271c250276c333480a9e1de089611f790", size = 231070 },
    { url = "https://files.pythonhosted.org/packages/a7/b8/b127d3e1f8dd2a5bf286b47b24567ae6363017292dc6dec44656e6246498/multidict-6.4.3-cp313-cp313-manylinux_2_17_s390x.manylinux2014_s390x.whl", hash = "sha256:995015cf4a3c0d72cbf453b10a999b92c5629eaf3a0c3e1efb4b5c1f602253bb", size = 229956 },
    { url = "https://files.pythonhosted.org/packages/0c/93/f70a4c35b103fcfe1443059a2bb7f66e5c35f2aea7804105ff214f566009/multidict-6.4.3-cp313-cp313-manylinux_2_17_x86_64.manylinux2014_x86_64.whl", hash = "sha256:a2b0fabae7939d09d7d16a711468c385272fa1b9b7fb0d37e51143585d8e72e0", size = 222599 },
    { url = "https://files.pythonhosted.org/packages/63/8c/e28e0eb2fe34921d6aa32bfc4ac75b09570b4d6818cc95d25499fe08dc1d/multidict-6.4.3-cp313-cp313-manylinux_2_5_i686.manylinux1_i686.manylinux_2_17_i686.manylinux2014_i686.whl", hash = "sha256:61ed4d82f8a1e67eb9eb04f8587970d78fe7cddb4e4d6230b77eda23d27938f9", size = 216136 },
    { url = "https://files.pythonhosted.org/packages/72/f5/fbc81f866585b05f89f99d108be5d6ad170e3b6c4d0723d1a2f6ba5fa918/multidict-6.4.3-cp313-cp313-musllinux_1_2_aarch64.whl", hash = "sha256:062428944a8dc69df9fdc5d5fc6279421e5f9c75a9ee3f586f274ba7b05ab3c8", size = 228139 },
    { url = "https://files.pythonhosted.org/packages/bb/ba/7d196bad6b85af2307d81f6979c36ed9665f49626f66d883d6c64d156f78/multidict-6.4.3-cp313-cp313-musllinux_1_2_armv7l.whl", hash = "sha256:b90e27b4674e6c405ad6c64e515a505c6d113b832df52fdacb6b1ffd1fa9a1d1", size = 226251 },
    { url = "https://files.pythonhosted.org/packages/cc/e2/fae46a370dce79d08b672422a33df721ec8b80105e0ea8d87215ff6b090d/multidict-6.4.3-cp313-cp313-musllinux_1_2_i686.whl", hash = "sha256:7d50d4abf6729921e9613d98344b74241572b751c6b37feed75fb0c37bd5a817", size = 221868 },
    { url = "https://files.pythonhosted.org/packages/26/20/bbc9a3dec19d5492f54a167f08546656e7aef75d181d3d82541463450e88/multidict-6.4.3-cp313-cp313-musllinux_1_2_ppc64le.whl", hash = "sha256:43fe10524fb0a0514be3954be53258e61d87341008ce4914f8e8b92bee6f875d", size = 233106 },
    { url = "https://files.pythonhosted.org/packages/ee/8d/f30ae8f5ff7a2461177f4d8eb0d8f69f27fb6cfe276b54ec4fd5a282d918/multidict-6.4.3-cp313-cp313-musllinux_1_2_s390x.whl", hash = "sha256:236966ca6c472ea4e2d3f02f6673ebfd36ba3f23159c323f5a496869bc8e47c9", size = 230163 },
    { url = "https://files.pythonhosted.org/packages/15/e9/2833f3c218d3c2179f3093f766940ded6b81a49d2e2f9c46ab240d23dfec/multidict-6.4.3-cp313-cp313-musllinux_1_2_x86_64.whl", hash = "sha256:422a5ec315018e606473ba1f5431e064cf8b2a7468019233dcf8082fabad64c8", size = 225906 },
    { url = "https://files.pythonhosted.org/packages/f1/31/6edab296ac369fd286b845fa5dd4c409e63bc4655ed8c9510fcb477e9ae9/multidict-6.4.3-cp313-cp313-win32.whl", hash = "sha256:f901a5aace8e8c25d78960dcc24c870c8d356660d3b49b93a78bf38eb682aac3", size = 35238 },
    { url = "https://files.pythonhosted.org/packages/23/57/2c0167a1bffa30d9a1383c3dab99d8caae985defc8636934b5668830d2ef/multidict-6.4.3-cp313-cp313-win_amd64.whl", hash = "sha256:1c152c49e42277bc9a2f7b78bd5fa10b13e88d1b0328221e7aef89d5c60a99a5", size = 38799 },
    { url = "https://files.pythonhosted.org/packages/c9/13/2ead63b9ab0d2b3080819268acb297bd66e238070aa8d42af12b08cbee1c/multidict-6.4.3-cp313-cp313t-macosx_10_13_universal2.whl", hash = "sha256:be8751869e28b9c0d368d94f5afcb4234db66fe8496144547b4b6d6a0645cfc6", size = 68642 },
    { url = "https://files.pythonhosted.org/packages/85/45/f1a751e1eede30c23951e2ae274ce8fad738e8a3d5714be73e0a41b27b16/multidict-6.4.3-cp313-cp313t-macosx_10_13_x86_64.whl", hash = "sha256:0d4b31f8a68dccbcd2c0ea04f0e014f1defc6b78f0eb8b35f2265e8716a6df0c", size = 40028 },
    { url = "https://files.pythonhosted.org/packages/a7/29/fcc53e886a2cc5595cc4560df333cb9630257bda65003a7eb4e4e0d8f9c1/multidict-6.4.3-cp313-cp313t-macosx_11_0_arm64.whl", hash = "sha256:032efeab3049e37eef2ff91271884303becc9e54d740b492a93b7e7266e23756", size = 39424 },
    { url = "https://files.pythonhosted.org/packages/f6/f0/056c81119d8b88703971f937b371795cab1407cd3c751482de5bfe1a04a9/multidict-6.4.3-cp313-cp313t-manylinux_2_17_aarch64.manylinux2014_aarch64.whl", hash = "sha256:9e78006af1a7c8a8007e4f56629d7252668344442f66982368ac06522445e375", size = 226178 },
    { url = "https://files.pythonhosted.org/packages/a3/79/3b7e5fea0aa80583d3a69c9d98b7913dfd4fbc341fb10bb2fb48d35a9c21/multidict-6.4.3-cp313-cp313t-manylinux_2_17_armv7l.manylinux2014_armv7l.manylinux_2_31_armv7l.whl", hash = "sha256:daeac9dd30cda8703c417e4fddccd7c4dc0c73421a0b54a7da2713be125846be", size = 222617 },
    { url = "https://files.pythonhosted.org/packages/06/db/3ed012b163e376fc461e1d6a67de69b408339bc31dc83d39ae9ec3bf9578/multidict-6.4.3-cp313-cp313t-manylinux_2_17_ppc64le.manylinux2014_ppc64le.whl", hash = "sha256:1f6f90700881438953eae443a9c6f8a509808bc3b185246992c4233ccee37fea", size = 227919 },
    { url = "https://files.pythonhosted.org/packages/b1/db/0433c104bca380989bc04d3b841fc83e95ce0c89f680e9ea4251118b52b6/multidict-6.4.3-cp313-cp313t-manylinux_2_17_s390x.manylinux2014_s390x.whl", hash = "sha256:f84627997008390dd15762128dcf73c3365f4ec0106739cde6c20a07ed198ec8", size = 226097 },
    { url = "https://files.pythonhosted.org/packages/c2/95/910db2618175724dd254b7ae635b6cd8d2947a8b76b0376de7b96d814dab/multidict-6.4.3-cp313-cp313t-manylinux_2_17_x86_64.manylinux2014_x86_64.whl", hash = "sha256:3307b48cd156153b117c0ea54890a3bdbf858a5b296ddd40dc3852e5f16e9b02", size = 220706 },
    { url = "https://files.pythonhosted.org/packages/d1/af/aa176c6f5f1d901aac957d5258d5e22897fe13948d1e69063ae3d5d0ca01/multidict-6.4.3-cp313-cp313t-manylinux_2_5_i686.manylinux1_i686.manylinux_2_17_i686.manylinux2014_i686.whl", hash = "sha256:ead46b0fa1dcf5af503a46e9f1c2e80b5d95c6011526352fa5f42ea201526124", size = 211728 },
    { url = "https://files.pythonhosted.org/packages/e7/42/d51cc5fc1527c3717d7f85137d6c79bb7a93cd214c26f1fc57523774dbb5/multidict-6.4.3-cp313-cp313t-musllinux_1_2_aarch64.whl", hash = "sha256:1748cb2743bedc339d63eb1bca314061568793acd603a6e37b09a326334c9f44", size = 226276 },
    { url = "https://files.pythonhosted.org/packages/28/6b/d836dea45e0b8432343ba4acf9a8ecaa245da4c0960fb7ab45088a5e568a/multidict-6.4.3-cp313-cp313t-musllinux_1_2_armv7l.whl", hash = "sha256:acc9fa606f76fc111b4569348cc23a771cb52c61516dcc6bcef46d612edb483b", size = 212069 },
    { url = "https://files.pythonhosted.org/packages/55/34/0ee1a7adb3560e18ee9289c6e5f7db54edc312b13e5c8263e88ea373d12c/multidict-6.4.3-cp313-cp313t-musllinux_1_2_i686.whl", hash = "sha256:31469d5832b5885adeb70982e531ce86f8c992334edd2f2254a10fa3182ac504", size = 217858 },
    { url = "https://files.pythonhosted.org/packages/04/08/586d652c2f5acefe0cf4e658eedb4d71d4ba6dfd4f189bd81b400fc1bc6b/multidict-6.4.3-cp313-cp313t-musllinux_1_2_ppc64le.whl", hash = "sha256:ba46b51b6e51b4ef7bfb84b82f5db0dc5e300fb222a8a13b8cd4111898a869cf", size = 226988 },
    { url = "https://files.pythonhosted.org/packages/82/e3/cc59c7e2bc49d7f906fb4ffb6d9c3a3cf21b9f2dd9c96d05bef89c2b1fd1/multidict-6.4.3-cp313-cp313t-musllinux_1_2_s390x.whl", hash = "sha256:389cfefb599edf3fcfd5f64c0410da686f90f5f5e2c4d84e14f6797a5a337af4", size = 220435 },
    { url = "https://files.pythonhosted.org/packages/e0/32/5c3a556118aca9981d883f38c4b1bfae646f3627157f70f4068e5a648955/multidict-6.4.3-cp313-cp313t-musllinux_1_2_x86_64.whl", hash = "sha256:64bc2bbc5fba7b9db5c2c8d750824f41c6994e3882e6d73c903c2afa78d091e4", size = 221494 },
    { url = "https://files.pythonhosted.org/packages/b9/3b/1599631f59024b75c4d6e3069f4502409970a336647502aaf6b62fb7ac98/multidict-6.4.3-cp313-cp313t-win32.whl", hash = "sha256:0ecdc12ea44bab2807d6b4a7e5eef25109ab1c82a8240d86d3c1fc9f3b72efd5", size = 41775 },
    { url = "https://files.pythonhosted.org/packages/e8/4e/09301668d675d02ca8e8e1a3e6be046619e30403f5ada2ed5b080ae28d02/multidict-6.4.3-cp313-cp313t-win_amd64.whl", hash = "sha256:7146a8742ea71b5d7d955bffcef58a9e6e04efba704b52a460134fefd10a8208", size = 45946 },
    { url = "https://files.pythonhosted.org/packages/96/10/7d526c8974f017f1e7ca584c71ee62a638e9334d8d33f27d7cdfc9ae79e4/multidict-6.4.3-py3-none-any.whl", hash = "sha256:59fe01ee8e2a1e8ceb3f6dbb216b09c8d9f4ef1c22c4fc825d045a147fa2ebc9", size = 10400 },
]

[[package]]
name = "pf-script"
version = "0.1.0"
source = { virtual = "." }
dependencies = [
    { name = "jinja2" },
    { name = "sanic" },
]

[package.metadata]
requires-dist = [
    { name = "jinja2", specifier = ">=3.1.6" },
    { name = "sanic", specifier = ">=25.3.0" },
]

[[package]]
name = "sanic"
version = "25.3.0"
source = { registry = "https://pypi.org/simple" }
dependencies = [
    { name = "aiofiles" },
    { name = "html5tagger" },
    { name = "httptools" },
    { name = "multidict" },
    { name = "sanic-routing" },
    { name = "setuptools" },
    { name = "tracerite" },
    { name = "typing-extensions" },
    { name = "ujson", marker = "implementation_name == 'cpython' and sys_platform != 'win32'" },
    { name = "uvloop", marker = "implementation_name == 'cpython' and sys_platform != 'win32'" },
    { name = "websockets" },
]
sdist = { url = "https://files.pythonhosted.org/packages/df/8b/08dc376390fe854ef32984973883b646ee68c6727da72ffcc65340d8f192/sanic-25.3.0.tar.gz", hash = "sha256:775d522001ec81f034ec8e4d7599e2175bfc097b8d57884f5e4c9322f5e369bb", size = 353027 }
wheels = [
    { url = "https://files.pythonhosted.org/packages/a6/e1/b36ddc16862d63d22986ae21b04a79c8fb7ec48d5d664acdfd1c2acf78ac/sanic-25.3.0-py3-none-any.whl", hash = "sha256:fb519b38b4c220569b0e2e868583ffeaffaab96a78b2e42ae78bc56a644a4cd7", size = 246416 },
]

[[package]]
name = "sanic-routing"
version = "23.12.0"
source = { registry = "https://pypi.org/simple" }
sdist = { url = "https://files.pythonhosted.org/packages/d1/5c/2a7edd14fbccca3719a8d680951d4b25f986752c781c61ccf156a6d1ebff/sanic-routing-23.12.0.tar.gz", hash = "sha256:1dcadc62c443e48c852392dba03603f9862b6197fc4cba5bbefeb1ace0848b04", size = 29473 }
wheels = [
    { url = "https://files.pythonhosted.org/packages/cf/e3/3425c9a8773807ac2c01d6a56c8521733f09b627e5827e733c5cd36b9ac5/sanic_routing-23.12.0-py3-none-any.whl", hash = "sha256:1558a72afcb9046ed3134a5edae02fc1552cff08f0fff2e8d5de0877ea43ed73", size = 25522 },
]

[[package]]
name = "setuptools"
version = "80.3.1"
source = { registry = "https://pypi.org/simple" }
sdist = { url = "https://files.pythonhosted.org/packages/70/dc/3976b322de9d2e87ed0007cf04cc7553969b6c7b3f48a565d0333748fbcd/setuptools-80.3.1.tar.gz", hash = "sha256:31e2c58dbb67c99c289f51c16d899afedae292b978f8051efaf6262d8212f927", size = 1315082 }
wheels = [
    { url = "https://files.pythonhosted.org/packages/53/7e/5d8af3317ddbf9519b687bd1c39d8737fde07d97f54df65553faca5cffb1/setuptools-80.3.1-py3-none-any.whl", hash = "sha256:ea8e00d7992054c4c592aeb892f6ad51fe1b4d90cc6947cc45c45717c40ec537", size = 1201172 },
]

[[package]]
name = "tracerite"
version = "1.1.1"
source = { registry = "https://pypi.org/simple" }
dependencies = [
    { name = "html5tagger" },
]
sdist = { url = "https://files.pythonhosted.org/packages/b3/82/9372199dd72b02e8f3cf3143096ed453f010668a8e2cbe9cd59b116da3de/tracerite-1.1.1.tar.gz", hash = "sha256:6400a35a187747189e4bb8d4a8e471bd86d14dbdcc94bcad23f4eda023f41356", size = 269462 }
wheels = [
    { url = "https://files.pythonhosted.org/packages/4e/71/127927fdd41dd577fd946c319cf9c012366f3ff9f048d0b0689dc72819ef/tracerite-1.1.1-py3-none-any.whl", hash = "sha256:3a787a9ecb1a136ea9ce17e6328e414ec414a4f644130af4e1e330bec2dece29", size = 12301 },
]

[[package]]
name = "typing-extensions"
version = "4.13.2"
source = { registry = "https://pypi.org/simple" }
sdist = { url = "https://files.pythonhosted.org/packages/f6/37/23083fcd6e35492953e8d2aaaa68b860eb422b34627b13f2ce3eb6106061/typing_extensions-4.13.2.tar.gz", hash = "sha256:e6c81219bd689f51865d9e372991c540bda33a0379d5573cddb9a3a23f7caaef", size = 106967 }
wheels = [
    { url = "https://files.pythonhosted.org/packages/8b/54/b1ae86c0973cc6f0210b53d508ca3641fb6d0c56823f288d108bc7ab3cc8/typing_extensions-4.13.2-py3-none-any.whl", hash = "sha256:a439e7c04b49fec3e5d3e2beaa21755cadbbdc391694e28ccdd36ca4a1408f8c", size = 45806 },
]

[[package]]
name = "ujson"
version = "5.10.0"
source = { registry = "https://pypi.org/simple" }
sdist = { url = "https://files.pythonhosted.org/packages/f0/00/3110fd566786bfa542adb7932d62035e0c0ef662a8ff6544b6643b3d6fd7/ujson-5.10.0.tar.gz", hash = "sha256:b3cd8f3c5d8c7738257f1018880444f7b7d9b66232c64649f562d7ba86ad4bc1", size = 7154885 }
wheels = [
    { url = "https://files.pythonhosted.org/packages/0d/69/b3e3f924bb0e8820bb46671979770c5be6a7d51c77a66324cdb09f1acddb/ujson-5.10.0-cp313-cp313-macosx_10_9_x86_64.whl", hash = "sha256:618efd84dc1acbd6bff8eaa736bb6c074bfa8b8a98f55b61c38d4ca2c1f7f287", size = 55646 },
    { url = "https://files.pythonhosted.org/packages/32/8a/9b748eb543c6cabc54ebeaa1f28035b1bd09c0800235b08e85990734c41e/ujson-5.10.0-cp313-cp313-macosx_11_0_arm64.whl", hash = "sha256:38d5d36b4aedfe81dfe251f76c0467399d575d1395a1755de391e58985ab1c2e", size = 51806 },
    { url = "https://files.pythonhosted.org/packages/39/50/4b53ea234413b710a18b305f465b328e306ba9592e13a791a6a6b378869b/ujson-5.10.0-cp313-cp313-manylinux_2_17_aarch64.manylinux2014_aarch64.whl", hash = "sha256:67079b1f9fb29ed9a2914acf4ef6c02844b3153913eb735d4bf287ee1db6e557", size = 51975 },
    { url = "https://files.pythonhosted.org/packages/b4/9d/8061934f960cdb6dd55f0b3ceeff207fcc48c64f58b43403777ad5623d9e/ujson-5.10.0-cp313-cp313-manylinux_2_17_x86_64.manylinux2014_x86_64.whl", hash = "sha256:d7d0e0ceeb8fe2468c70ec0c37b439dd554e2aa539a8a56365fd761edb418988", size = 53693 },
    { url = "https://files.pythonhosted.org/packages/f5/be/7bfa84b28519ddbb67efc8410765ca7da55e6b93aba84d97764cd5794dbc/ujson-5.10.0-cp313-cp313-manylinux_2_5_i686.manylinux1_i686.manylinux_2_17_i686.manylinux2014_i686.whl", hash = "sha256:59e02cd37bc7c44d587a0ba45347cc815fb7a5fe48de16bf05caa5f7d0d2e816", size = 58594 },
    { url = "https://files.pythonhosted.org/packages/48/eb/85d465abafb2c69d9699cfa5520e6e96561db787d36c677370e066c7e2e7/ujson-5.10.0-cp313-cp313-musllinux_1_2_aarch64.whl", hash = "sha256:2a890b706b64e0065f02577bf6d8ca3b66c11a5e81fb75d757233a38c07a1f20", size = 997853 },
    { url = "https://files.pythonhosted.org/packages/9f/76/2a63409fc05d34dd7d929357b7a45e3a2c96f22b4225cd74becd2ba6c4cb/ujson-5.10.0-cp313-cp313-musllinux_1_2_i686.whl", hash = "sha256:621e34b4632c740ecb491efc7f1fcb4f74b48ddb55e65221995e74e2d00bbff0", size = 1140694 },
    { url = "https://files.pythonhosted.org/packages/45/ed/582c4daba0f3e1688d923b5cb914ada1f9defa702df38a1916c899f7c4d1/ujson-5.10.0-cp313-cp313-musllinux_1_2_x86_64.whl", hash = "sha256:b9500e61fce0cfc86168b248104e954fead61f9be213087153d272e817ec7b4f", size = 1043580 },
]

[[package]]
name = "uvloop"
version = "0.21.0"
source = { registry = "https://pypi.org/simple" }
sdist = { url = "https://files.pythonhosted.org/packages/af/c0/854216d09d33c543f12a44b393c402e89a920b1a0a7dc634c42de91b9cf6/uvloop-0.21.0.tar.gz", hash = "sha256:3bf12b0fda68447806a7ad847bfa591613177275d35b6724b1ee573faa3704e3", size = 2492741 }
wheels = [
    { url = "https://files.pythonhosted.org/packages/3f/8d/2cbef610ca21539f0f36e2b34da49302029e7c9f09acef0b1c3b5839412b/uvloop-0.21.0-cp313-cp313-macosx_10_13_universal2.whl", hash = "sha256:bfd55dfcc2a512316e65f16e503e9e450cab148ef11df4e4e679b5e8253a5281", size = 1468123 },
    { url = "https://files.pythonhosted.org/packages/93/0d/b0038d5a469f94ed8f2b2fce2434a18396d8fbfb5da85a0a9781ebbdec14/uvloop-0.21.0-cp313-cp313-macosx_10_13_x86_64.whl", hash = "sha256:787ae31ad8a2856fc4e7c095341cccc7209bd657d0e71ad0dc2ea83c4a6fa8af", size = 819325 },
    { url = "https://files.pythonhosted.org/packages/50/94/0a687f39e78c4c1e02e3272c6b2ccdb4e0085fda3b8352fecd0410ccf915/uvloop-0.21.0-cp313-cp313-manylinux_2_17_aarch64.manylinux2014_aarch64.whl", hash = "sha256:5ee4d4ef48036ff6e5cfffb09dd192c7a5027153948d85b8da7ff705065bacc6", size = 4582806 },
    { url = "https://files.pythonhosted.org/packages/d2/19/f5b78616566ea68edd42aacaf645adbf71fbd83fc52281fba555dc27e3f1/uvloop-0.21.0-cp313-cp313-manylinux_2_17_x86_64.manylinux2014_x86_64.whl", hash = "sha256:f3df876acd7ec037a3d005b3ab85a7e4110422e4d9c1571d4fc89b0fc41b6816", size = 4701068 },
    { url = "https://files.pythonhosted.org/packages/47/57/66f061ee118f413cd22a656de622925097170b9380b30091b78ea0c6ea75/uvloop-0.21.0-cp313-cp313-musllinux_1_2_aarch64.whl", hash = "sha256:bd53ecc9a0f3d87ab847503c2e1552b690362e005ab54e8a48ba97da3924c0dc", size = 4454428 },
    { url = "https://files.pythonhosted.org/packages/63/9a/0962b05b308494e3202d3f794a6e85abe471fe3cafdbcf95c2e8c713aabd/uvloop-0.21.0-cp313-cp313-musllinux_1_2_x86_64.whl", hash = "sha256:a5c39f217ab3c663dc699c04cbd50c13813e31d917642d459fdcec07555cc553", size = 4660018 },
]

[[package]]
name = "websockets"
version = "15.0.1"
source = { registry = "https://pypi.org/simple" }
sdist = { url = "https://files.pythonhosted.org/packages/21/e6/26d09fab466b7ca9c7737474c52be4f76a40301b08362eb2dbc19dcc16c1/websockets-15.0.1.tar.gz", hash = "sha256:82544de02076bafba038ce055ee6412d68da13ab47f0c60cab827346de828dee", size = 177016 }
wheels = [
    { url = "https://files.pythonhosted.org/packages/cb/9f/51f0cf64471a9d2b4d0fc6c534f323b664e7095640c34562f5182e5a7195/websockets-15.0.1-cp313-cp313-macosx_10_13_universal2.whl", hash = "sha256:ee443ef070bb3b6ed74514f5efaa37a252af57c90eb33b956d35c8e9c10a1931", size = 175440 },
    { url = "https://files.pythonhosted.org/packages/8a/05/aa116ec9943c718905997412c5989f7ed671bc0188ee2ba89520e8765d7b/websockets-15.0.1-cp313-cp313-macosx_10_13_x86_64.whl", hash = "sha256:5a939de6b7b4e18ca683218320fc67ea886038265fd1ed30173f5ce3f8e85675", size = 173098 },
    { url = "https://files.pythonhosted.org/packages/ff/0b/33cef55ff24f2d92924923c99926dcce78e7bd922d649467f0eda8368923/websockets-15.0.1-cp313-cp313-macosx_11_0_arm64.whl", hash = "sha256:746ee8dba912cd6fc889a8147168991d50ed70447bf18bcda7039f7d2e3d9151", size = 173329 },
    { url = "https://files.pythonhosted.org/packages/31/1d/063b25dcc01faa8fada1469bdf769de3768b7044eac9d41f734fd7b6ad6d/websockets-15.0.1-cp313-cp313-manylinux_2_17_aarch64.manylinux2014_aarch64.whl", hash = "sha256:595b6c3969023ecf9041b2936ac3827e4623bfa3ccf007575f04c5a6aa318c22", size = 183111 },
    { url = "https://files.pythonhosted.org/packages/93/53/9a87ee494a51bf63e4ec9241c1ccc4f7c2f45fff85d5bde2ff74fcb68b9e/websockets-15.0.1-cp313-cp313-manylinux_2_5_i686.manylinux1_i686.manylinux_2_17_i686.manylinux2014_i686.whl", hash = "sha256:3c714d2fc58b5ca3e285461a4cc0c9a66bd0e24c5da9911e30158286c9b5be7f", size = 182054 },
    { url = "https://files.pythonhosted.org/packages/ff/b2/83a6ddf56cdcbad4e3d841fcc55d6ba7d19aeb89c50f24dd7e859ec0805f/websockets-15.0.1-cp313-cp313-manylinux_2_5_x86_64.manylinux1_x86_64.manylinux_2_17_x86_64.manylinux2014_x86_64.whl", hash = "sha256:0f3c1e2ab208db911594ae5b4f79addeb3501604a165019dd221c0bdcabe4db8", size = 182496 },
    { url = "https://files.pythonhosted.org/packages/98/41/e7038944ed0abf34c45aa4635ba28136f06052e08fc2168520bb8b25149f/websockets-15.0.1-cp313-cp313-musllinux_1_2_aarch64.whl", hash = "sha256:229cf1d3ca6c1804400b0a9790dc66528e08a6a1feec0d5040e8b9eb14422375", size = 182829 },
    { url = "https://files.pythonhosted.org/packages/e0/17/de15b6158680c7623c6ef0db361da965ab25d813ae54fcfeae2e5b9ef910/websockets-15.0.1-cp313-cp313-musllinux_1_2_i686.whl", hash = "sha256:756c56e867a90fb00177d530dca4b097dd753cde348448a1012ed6c5131f8b7d", size = 182217 },
    { url = "https://files.pythonhosted.org/packages/33/2b/1f168cb6041853eef0362fb9554c3824367c5560cbdaad89ac40f8c2edfc/websockets-15.0.1-cp313-cp313-musllinux_1_2_x86_64.whl", hash = "sha256:558d023b3df0bffe50a04e710bc87742de35060580a293c2a984299ed83bc4e4", size = 182195 },
    { url = "https://files.pythonhosted.org/packages/86/eb/20b6cdf273913d0ad05a6a14aed4b9a85591c18a987a3d47f20fa13dcc47/websockets-15.0.1-cp313-cp313-win32.whl", hash = "sha256:ba9e56e8ceeeedb2e080147ba85ffcd5cd0711b89576b83784d8605a7df455fa", size = 176393 },
    { url = "https://files.pythonhosted.org/packages/1b/6c/c65773d6cab416a64d191d6ee8a8b1c68a09970ea6909d16965d26bfed1e/websockets-15.0.1-cp313-cp313-win_amd64.whl", hash = "sha256:e09473f095a819042ecb2ab9465aee615bd9c2028e4ef7d933600a8401c79561", size = 176837 },
    { url = "https://files.pythonhosted.org/packages/fa/a8/5b41e0da817d64113292ab1f8247140aac61cbf6cfd085d6a0fa77f4984f/websockets-15.0.1-py3-none-any.whl", hash = "sha256:f7a866fbc1e97b5c617ee4116daaa09b722101d4a3c170c787450ba409f9736f", size = 169743 },
]
